
Microsoft Visual Studio Solution File, Format Version 12.00
# Visual Studio Version 17
VisualStudioVersion = 17.11.35327.3
MinimumVisualStudioVersion = 10.0.40219.1
Project("{888888A0-9F3D-457C-B088-3A5042F75D52}") = "pygame_moving_circle_lesson2", "pygame_moving_circle_lesson2.pyproj", "{E0AB8147-1DB4-4028-BE28-D552F23C91F7}"
EndProject
Global
	GlobalSection(SolutionConfigurationPlatforms) = preSolution
		Debug|Any CPU = Debug|Any CPU
		Release|Any CPU = Release|Any CPU
	EndGlobalSection
	GlobalSection(ProjectConfigurationPlatforms) = postSolution
		{E0AB8147-1DB4-4028-BE28-D552F23C91F7}.Debug|Any CPU.ActiveCfg = Debug|Any CPU
		{E0AB8147-1DB4-4028-BE28-D552F23C91F7}.Release|Any CPU.ActiveCfg = Release|Any CPU
	EndGlobalSection
	GlobalSection(SolutionProperties) = preSolution
		HideSolutionNode = FALSE
	EndGlobalSection
	GlobalSection(ExtensibilityGlobals) = postSolution
		SolutionGuid = {30863679-D30C-4BC3-903A-4613BBBD5D5F}
	EndGlobalSection
EndGlobal
